// !$*UTF8*$!
{
	archiveVersion = 1;
	classes = {
	};
	objectVersion = 50;
	objects = {

/* Begin PBXBuildFile section */
		DB319AE7273CEBFF0080EEED /* AppDelegate.swift in Sources */ = {isa = PBXBuildFile; fileRef = DB319AE6273CEBFF0080EEED /* AppDelegate.swift */; };
		DB319AE9273CEBFF0080EEED /* SceneDelegate.swift in Sources */ = {isa = PBXBuildFile; fileRef = DB319AE8273CEBFF0080EEED /* SceneDelegate.swift */; };
		DB319AEB273CEBFF0080EEED /* ViewController.swift in Sources */ = {isa = PBXBuildFile; fileRef = DB319AEA273CEBFF0080EEED /* ViewController.swift */; };
		DB319AEE273CEBFF0080EEED /* Main.storyboard in Resources */ = {isa = PBXBuildFile; fileRef = DB319AEC273CEBFF0080EEED /* Main.storyboard */; };
		DB319AF0273CEC030080EEED /* Assets.xcassets in Resources */ = {isa = PBXBuildFile; fileRef = DB319AEF273CEC030080EEED /* Assets.xcassets */; };
		DB319AF3273CEC030080EEED /* LaunchScreen.storyboard in Resources */ = {isa = PBXBuildFile; fileRef = DB319AF1273CEC030080EEED /* LaunchScreen.storyboard */; };
		DB319AFB273CF4A90080EEED /* ReadViewController.swift in Sources */ = {isa = PBXBuildFile; fileRef = DB319AFA273CF4A90080EEED /* ReadViewController.swift */; };
/* End PBXBuildFile section */

/* Begin PBXFileReference section */
		DB319AE3273CEBFF0080EEED /* Chpater02-InputForm.app */ = {isa = PBXFileReference; explicitFileType = wrapper.application; includeInIndex = 0; path = "Chpater02-InputForm.app"; sourceTree = BUILT_PRODUCTS_DIR; };
		DB319AE6273CEBFF0080EEED /* AppDelegate.swift */ = {isa = PBXFileReference; lastKnownFileType = sourcecode.swift; path = AppDelegate.swift; sourceTree = "<group>"; };
		DB319AE8273CEBFF0080EEED /* SceneDelegate.swift */ = {isa = PBXFileReference; lastKnownFileType = sourcecode.swift; path = SceneDelegate.swift; sourceTree = "<group>"; };
		DB319AEA273CEBFF0080EEED /* ViewController.swift */ = {isa = PBXFileReference; lastKnownFileType = sourcecode.swift; path = ViewController.swift; sourceTree = "<group>"; };
		DB319AED273CEBFF0080EEED /* Base */ = {isa = PBXFileReference; lastKnownFileType = file.storyboard; name = Base; path = Base.lproj/Main.storyboard; sourceTree = "<group>"; };
		DB319AEF273CEC030080EEED /* Assets.xcassets */ = {isa = PBXFileReference; lastKnownFileType = folder.assetcatalog; path = Assets.xcassets; sourceTree = "<group>"; };
		DB319AF2273CEC030080EEED /* Base */ = {isa = PBXFileReference; lastKnownFileType = file.storyboard; name = Base; path = Base.lproj/LaunchScreen.storyboard; sourceTree = "<group>"; };
		DB319AF4273CEC030080EEED /* Info.plist */ = {isa = PBXFileReference; lastKnownFileType = text.plist.xml; path = Info.plist; sourceTree = "<group>"; };
		DB319AFA273CF4A90080EEED /* ReadViewController.swift */ = {isa = PBXFileReference; lastKnownFileType = sourcecode.swift; path = ReadViewController.swift; sourceTree = "<group>"; };
/* End PBXFileReference section */

/* Begin PBXFrameworksBuildPhase section */
		DB319AE0273CEBFF0080EEED /* Frameworks */ = {
			isa = PBXFrameworksBuildPhase;
			buildActionMask = 2147483647;
			files = (
			);
			runOnlyForDeploymentPostprocessing = 0;
		};
/* End PBXFrameworksBuildPhase section */

/* Begin PBXGroup section */
		DB319ADA273CEBFF0080EEED = {
			isa = PBXGroup;
			children = (
				DB319AE5273CEBFF0080EEED /* Chpater02-InputForm */,
				DB319AE4273CEBFF0080EEED /* Products */,
			);
			sourceTree = "<group>";
		};
		DB319AE4273CEBFF0080EEED /* Products */ = {
			isa = PBXGroup;
			children = (
				DB319AE3273CEBFF0080EEED /* Chpater02-InputForm.app */,
			);
			name = Products;
			sourceTree = "<group>";
		};
		DB319AE5273CEBFF0080EEED /* Chpater02-InputForm */ = {
			isa = PBXGroup;
			children = (
				DB319AE6273CEBFF0080EEED /* AppDelegate.swift */,
				DB319AE8273CEBFF0080EEED /* SceneDelegate.swift */,
				DB319AEA273CEBFF0080EEED /* ViewController.swift */,
				DB319AEC273CEBFF0080EEED /* Main.storyboard */,
				DB319AFA273CF4A90080EEED /* ReadViewController.swift */,
				DB319AEF273CEC030080EEED /* Assets.xcassets */,
				DB319AF1273CEC030080EEED /* LaunchScreen.storyboard */,
				DB319AF4273CEC030080EEED /* Info.plist */,
			);
			path = "Chpater02-InputForm";
			sourceTree = "<group>";
		};
/* End PBXGroup section */

/* Begin PBXNativeTarget section */
		DB319AE2273CEBFF0080EEED /* Chpater02-InputForm */ = {
			isa = PBXNativeTarget;
			buildConfigurationList = DB319AF7273CEC030080EEED /* Build configuration list for PBXNativeTarget "Chpater02-InputForm" */;
			buildPhases = (
				DB319ADF273CEBFF0080EEED /* Sources */,
				DB319AE0273CEBFF0080EEED /* Frameworks */,
				DB319AE1273CEBFF0080EEED /* Resources */,
			);
			buildRules = (
			);
			dependencies = (
			);
			name = "Chpater02-InputForm";
			productName = "Chpater02-InputForm";
			productReference = DB319AE3273CEBFF0080EEED /* Chpater02-InputForm.app */;
			productType = "com.apple.product-type.application";
		};
/* End PBXNativeTarget section */

/* Begin PBXProject section */
		DB319ADB273CEBFF0080EEED /* Project object */ = {
			isa = PBXProject;
			attributes = {
				LastSwiftUpdateCheck = 1250;
				LastUpgradeCheck = 1250;
				TargetAttributes = {
					DB319AE2273CEBFF0080EEED = {
						CreatedOnToolsVersion = 12.5.1;
					};
				};
			};
			buildConfigurationList = DB319ADE273CEBFF0080EEED /* Build configuration list for PBXProject "Chpater02-InputForm" */;
			compatibilityVersion = "Xcode 9.3";
			developmentRegion = en;
			hasScannedForEncodings = 0;
			knownRegions = (
				en,
				Base,
			);
			mainGroup = DB319ADA273CEBFF0080EEED;
			productRefGroup = DB319AE4273CEBFF0080EEED /* Products */;
			projectDirPath = "";
			projectRoot = "";
			targets = (
				DB319AE2273CEBFF0080EEED /* Chpater02-InputForm */,
			);
		};
/* End PBXProject section */

/* Begin PBXResourcesBuildPhase section */
		DB319AE1273CEBFF0080EEED /* Resources */ = {
			isa = PBXResourcesBuildPhase;
			buildActionMask = 2147483647;
			files = (
				DB319AF3273CEC030080EEED /* LaunchScreen.storyboard in Resources */,
				DB319AF0273CEC030080EEED /* Assets.xcassets in Resources */,
				DB319AEE273CEBFF0080EEED /* Main.storyboard in Resources */,
			);
			runOnlyForDeploymentPostprocessing = 0;
		};
/* End PBXResourcesBuildPhase section */

/* Begin PBXSourcesBuildPhase section */
		DB319ADF273CEBFF0080EEED /* Sources */ = {
			isa = PBXSourcesBuildPhase;
			buildActionMask = 2147483647;
			files = (
				DB319AEB273CEBFF0080EEED /* ViewController.swift in Sources */,
				DB319AE7273CEBFF0080EEED /* AppDelegate.swift in Sources */,
				DB319AFB273CF4A90080EEED /* ReadViewController.swift in Sources */,
				DB319AE9273CEBFF0080EEED /* SceneDelegate.swift in Sources */,
			);
			runOnlyForDeploymentPostprocessing = 0;
		};
/* End PBXSourcesBuildPhase section */

/* Begin PBXVariantGroup section */
		DB319AEC273CEBFF0080EEED /* Main.storyboard */ = {
			isa = PBXVariantGroup;
			children = (
				DB319AED273CEBFF0080EEED /* Base */,
			);
			name = Main.storyboard;
			sourceTree = "<group>";
		};
		DB319AF1273CEC030080EEED /* LaunchScreen.storyboard */ = {
			isa = PBXVariantGroup;
			children = (
				DB319AF2273CEC030080EEED /* Base */,
			);
			name = LaunchScreen.storyboard;
			sourceTree = "<group>";
		};
/* End PBXVariantGroup section */

/* Begin XCBuildConfiguration section */
		DB319AF5273CEC030080EEED /* Debug */ = {
			isa = XCBuildConfiguration;
			buildSettings = {
				ALWAYS_SEARCH_USER_PATHS = NO;
				CLANG_ANALYZER_NONNULL = YES;
				CLANG_ANALYZER_NUMBER_OBJECT_CONVERSION = YES_AGGRESSIVE;
				CLANG_CXX_LANGUAGE_STANDARD = "gnu++14";
				CLANG_CXX_LIBRARY = "libc++";
				CLANG_ENABLE_MODULES = YES;
				CLANG_ENABLE_OBJC_ARC = YES;
				CLANG_ENABLE_OBJC_WEAK = YES;
				CLANG_WARN_BLOCK_CAPTURE_AUTORELEASING = YES;
				CLANG_WARN_BOOL_CONVERSION = YES;
				CLANG_WARN_COMMA = YES;
				CLANG_WARN_CONSTANT_CONVERSION = YES;
				CLANG_WARN_DEPRECATED_OBJC_IMPLEMENTATIONS = YES;
				CLANG_WARN_DIRECT_OBJC_ISA_USAGE = YES_ERROR;
				CLANG_WARN_DOCUMENTATION_COMMENTS = YES;
				CLANG_WARN_EMPTY_BODY = YES;
				CLANG_WARN_ENUM_CONVERSION = YES;
				CLANG_WARN_INFINITE_RECURSION = YES;
				CLANG_WARN_INT_CONVERSION = YES;
				CLANG_WARN_NON_LITERAL_NULL_CONVERSION = YES;
				CLANG_WARN_OBJC_IMPLICIT_RETAIN_SELF = YES;
				CLANG_WARN_OBJC_LITERAL_CONVERSION = YES;
				CLANG_WARN_OBJC_ROOT_CLASS = YES_ERROR;
				CLANG_WARN_QUOTED_INCLUDE_IN_FRAMEWORK_HEADER = YES;
				CLANG_WARN_RANGE_LOOP_ANALYSIS = YES;
				CLANG_WARN_STRICT_PROTOTYPES = YES;
				CLANG_WARN_SUSPICIOUS_MOVE = YES;
				CLANG_WARN_UNGUARDED_AVAILABILITY = YES_AGGRESSIVE;
				CLANG_WARN_UNREACHABLE_CODE = YES;
				CLANG_WARN__DUPLICATE_METHOD_MATCH = YES;
				COPY_PHASE_STRIP = NO;
				DEBUG_INFORMATION_FORMAT = dwarf;
				ENABLE_STRICT_OBJC_MSGSEND = YES;
				ENABLE_TESTABILITY = YES;
				GCC_C_LANGUAGE_STANDARD = gnu11;
				GCC_DYNAMIC_NO_PIC = NO;
				GCC_NO_COMMON_BLOCKS = YES;
				GCC_OPTIMIZATION_LEVEL = 0;
				GCC_PREPROCESSOR_DEFINITIONS = (
					"DEBUG=1",
					"$(inherited)",
				);
				GCC_WARN_64_TO_32_BIT_CONVERSION = YES;
				GCC_WARN_ABOUT_RETURN_TYPE = YES_ERROR;
				GCC_WARN_UNDECLARED_SELECTOR = YES;
				GCC_WARN_UNINITIALIZED_AUTOS = YES_AGGRESSIVE;
				GCC_WARN_UNUSED_FUNCTION = YES;
				GCC_WARN_UNUSED_VARIABLE = YES;
				IPHONEOS_DEPLOYMENT_TARGET = 14.5;
				MTL_ENABLE_DEBUG_INFO = INCLUDE_SOURCE;
				MTL_FAST_MATH = YES;
				ONLY_ACTIVE_ARCH = YES;
				SDKROOT = iphoneos;
				SWIFT_ACTIVE_COMPILATION_CONDITIONS = DEBUG;
				SWIFT_OPTIMIZATION_LEVEL = "-Onone";
			};
			name = Debug;
		};
		DB319AF6273CEC030080EEED /* Release */ = {
			isa = XCBuildConfiguration;
			buildSettings = {
				ALWAYS_SEARCH_USER_PATHS = NO;
				CLANG_ANALYZER_NONNULL = YES;
				CLANG_ANALYZER_NUMBER_OBJECT_CONVERSION = YES_AGGRESSIVE;
				CLANG_CXX_LANGUAGE_STANDARD = "gnu++14";
				CLANG_CXX_LIBRARY = "libc++";
				CLANG_ENABLE_MODULES = YES;
				CLANG_ENABLE_OBJC_ARC = YES;
				CLANG_ENABLE_OBJC_WEAK = YES;
				CLANG_WARN_BLOCK_CAPTURE_AUTORELEASING = YES;
				CLANG_WARN_BOOL_CONVERSION = YES;
				CLANG_WARN_COMMA = YES;
				CLANG_WARN_CONSTANT_CONVERSION = YES;
				CLANG_WARN_DEPRECATED_OBJC_IMPLEMENTATIONS = YES;
				CLANG_WARN_DIRECT_OBJC_ISA_USAGE = YES_ERROR;
				CLANG_WARN_DOCUMENTATION_COMMENTS = YES;
				CLANG_WARN_EMPTY_BODY = YES;
				CLANG_WARN_ENUM_CONVERSION = YES;
				CLANG_WARN_INFINITE_RECURSION = YES;
				CLANG_WARN_INT_CONVERSION = YES;
				CLANG_WARN_NON_LITERAL_NULL_CONVERSION = YES;
				CLANG_WARN_OBJC_IMPLICIT_RETAIN_SELF = YES;
				CLANG_WARN_OBJC_LITERAL_CONVERSION = YES;
				CLANG_WARN_OBJC_ROOT_CLASS = YES_ERROR;
				CLANG_WARN_QUOTED_INCLUDE_IN_FRAMEWORK_HEADER = YES;
				CLANG_WARN_RANGE_LOOP_ANALYSIS = YES;
				CLANG_WARN_STRICT_PROTOTYPES = YES;
				CLANG_WARN_SUSPICIOUS_MOVE = YES;
				CLANG_WARN_UNGUARDED_AVAILABILITY = YES_AGGRESSIVE;
				CLANG_WARN_UNREACHABLE_CODE = YES;
				CLANG_WARN__DUPLICATE_METHOD_MATCH = YES;
				COPY_PHASE_STRIP = NO;
				DEBUG_INFORMATION_FORMAT = "dwarf-with-dsym";
				ENABLE_NS_ASSERTIONS = NO;
				ENABLE_STRICT_OBJC_MSGSEND = YES;
				GCC_C_LANGUAGE_STANDARD = gnu11;
				GCC_NO_COMMON_BLOCKS = YES;
				GCC_WARN_64_TO_32_BIT_CONVERSION = YES;
				GCC_WARN_ABOUT_RETURN_TYPE = YES_ERROR;
				GCC_WARN_UNDECLARED_SELECTOR = YES;
				GCC_WARN_UNINITIALIZED_AUTOS = YES_AGGRESSIVE;
				GCC_WARN_UNUSED_FUNCTION = YES;
				GCC_WARN_UNUSED_VARIABLE = YES;
				IPHONEOS_DEPLOYMENT_TARGET = 14.5;
				MTL_ENABLE_DEBUG_INFO = NO;
				MTL_FAST_MATH = YES;
				SDKROOT = iphoneos;
				SWIFT_COMPILATION_MODE = wholemodule;
				SWIFT_OPTIMIZATION_LEVEL = "-O";
				VALIDATE_PRODUCT = YES;
			};
			name = Release;
		};
		DB319AF8273CEC030080EEED /* Debug */ = {
			isa = XCBuildConfiguration;
			buildSettings = {
				ASSETCATALOG_COMPILER_APPICON_NAME = AppIcon;
				ASSETCATALOG_COMPILER_GLOBAL_ACCENT_COLOR_NAME = AccentColor;
				CODE_SIGN_STYLE = Automatic;
				DEVELOPMENT_TEAM = V2YNV9QV27;
				INFOPLIST_FILE = "Chpater02-InputForm/Info.plist";
				LD_RUNPATH_SEARCH_PATHS = (
					"$(inherited)",
					"@executable_path/Frameworks",
				);
				PRODUCT_BUNDLE_IDENTIFIER = "ssw522.Chpater02-InputForm";
				PRODUCT_NAME = "$(TARGET_NAME)";
				SWIFT_VERSION = 5.0;
				TARGETED_DEVICE_FAMILY = "1,2";
			};
			name = Debug;
		};
		DB319AF9273CEC030080EEED /* Release */ = {
			isa = XCBuildConfiguration;
			buildSettings = {
				ASSETCATALOG_COMPILER_APPICON_NAME = AppIcon;
				ASSETCATALOG_COMPILER_GLOBAL_ACCENT_COLOR_NAME = AccentColor;
				CODE_SIGN_STYLE = Automatic;
				DEVELOPMENT_TEAM = V2YNV9QV27;
				INFOPLIST_FILE = "Chpater02-InputForm/Info.plist";
				LD_RUNPATH_SEARCH_PATHS = (
					"$(inherited)",
					"@executable_path/Frameworks",
				);
				PRODUCT_BUNDLE_IDENTIFIER = "ssw522.Chpater02-InputForm";
				PRODUCT_NAME = "$(TARGET_NAME)";
				SWIFT_VERSION = 5.0;
				TARGETED_DEVICE_FAMILY = "1,2";
			};
			name = Release;
		};
/* End XCBuildConfiguration section */

/* Begin XCConfigurationList section */
		DB319ADE273CEBFF0080EEED /* Build configuration list for PBXProject "Chpater02-InputForm" */ = {
			isa = XCConfigurationList;
			buildConfigurations = (
				DB319AF5273CEC030080EEED /* Debug */,
				DB319AF6273CEC030080EEED /* Release */,
			);
			defaultConfigurationIsVisible = 0;
			defaultConfigurationName = Release;
		};
		DB319AF7273CEC030080EEED /* Build configuration list for PBXNativeTarget "Chpater02-InputForm" */ = {
			isa = XCConfigurationList;
			buildConfigurations = (
				DB319AF8273CEC030080EEED /* Debug */,
				DB319AF9273CEC030080EEED /* Release */,
			);
			defaultConfigurationIsVisible = 0;
			defaultConfigurationName = Release;
		};
/* End XCConfigurationList section */
	};
	rootObject = DB319ADB273CEBFF0080EEED /* Project object */;
}
